{
  "requires": true,
  "lockfileVersion": 1,
  "dependencies": {
    "@aws-cdk/assets": {
      "version": "1.22.0",
      "resolved": "https://registry.npmjs.org/@aws-cdk/assets/-/assets-1.22.0.tgz",
      "integrity": "sha512-IIu96KjoYPtMwPPfM1qF/o0e89hN5/Aa5Jlpu1vQyAFD9S/CkLe000gXKPuc//PmbCEnEqoWSECTAb44dkMjdA==",
      "dev": true,
      "requires": {
        "@aws-cdk/core": "1.22.0",
        "@aws-cdk/cx-api": "1.22.0",
        "minimatch": "^3.0.4"
      },
      "dependencies": {
        "balanced-match": {
          "version": "1.0.0",
          "bundled": true,
          "dev": true
        },
        "brace-expansion": {
          "version": "1.1.11",
          "bundled": true,
          "dev": true,
          "requires": {
            "balanced-match": "^1.0.0",
            "concat-map": "0.0.1"
          }
        },
        "concat-map": {
          "version": "0.0.1",
          "bundled": true,
          "dev": true
        },
        "minimatch": {
          "version": "3.0.4",
          "bundled": true,
          "dev": true,
          "requires": {
            "brace-expansion": "^1.1.7"
          }
        }
      }
    },
    "@aws-cdk/aws-cloudformation": {
      "version": "1.22.0",
      "resolved": "https://registry.npmjs.org/@aws-cdk/aws-cloudformation/-/aws-cloudformation-1.22.0.tgz",
      "integrity": "sha512-v1zG3AUWR97u8i98WU44Ytm2tWkJspxzPe/uf6NOYlpWfz0jfyB3wSgGCjG2Vo4kKc4CzmSrCblKNbQMPhGqfA==",
      "dev": true,
      "requires": {
        "@aws-cdk/aws-iam": "1.22.0",
        "@aws-cdk/aws-lambda": "1.22.0",
        "@aws-cdk/aws-s3": "1.22.0",
        "@aws-cdk/aws-sns": "1.22.0",
        "@aws-cdk/core": "1.22.0",
        "@aws-cdk/cx-api": "1.22.0"
      }
    },
    "@aws-cdk/aws-cloudwatch": {
      "version": "1.22.0",
      "resolved": "https://registry.npmjs.org/@aws-cdk/aws-cloudwatch/-/aws-cloudwatch-1.22.0.tgz",
      "integrity": "sha512-Lgd3C8XuST2ApNRoXIIYGszjXHZKByFYI5/Nynkimw10fYksiMxDb4TjN2lzHWFFZeXqJlZL9kUIiEtyiZPDpg==",
      "dev": true,
      "requires": {
        "@aws-cdk/aws-iam": "1.22.0",
        "@aws-cdk/core": "1.22.0"
      }
    },
    "@aws-cdk/aws-codebuild": {
      "version": "1.22.0",
      "resolved": "https://registry.npmjs.org/@aws-cdk/aws-codebuild/-/aws-codebuild-1.22.0.tgz",
      "integrity": "sha512-oJ/LgIepmSOfj58FPL47/f0sWqEfmuCI1ySvSOsXEGvalofOR+8uQmBdsuIFTAanTQIGT5aykZUcNWnyA4Qsvg==",
      "dev": true,
      "requires": {
        "@aws-cdk/assets": "1.22.0",
        "@aws-cdk/aws-cloudwatch": "1.22.0",
        "@aws-cdk/aws-codecommit": "1.22.0",
        "@aws-cdk/aws-ec2": "1.22.0",
        "@aws-cdk/aws-ecr": "1.22.0",
        "@aws-cdk/aws-ecr-assets": "1.22.0",
        "@aws-cdk/aws-events": "1.22.0",
        "@aws-cdk/aws-iam": "1.22.0",
        "@aws-cdk/aws-kms": "1.22.0",
        "@aws-cdk/aws-s3": "1.22.0",
        "@aws-cdk/aws-s3-assets": "1.22.0",
        "@aws-cdk/aws-secretsmanager": "1.22.0",
        "@aws-cdk/core": "1.22.0"
      }
    },
    "@aws-cdk/aws-codecommit": {
      "version": "1.22.0",
      "resolved": "https://registry.npmjs.org/@aws-cdk/aws-codecommit/-/aws-codecommit-1.22.0.tgz",
      "integrity": "sha512-fWbqhcQ3qHiCxvH4/tlDkwRF7u0I601nQVUFodGOuaZHHoCC4Mfdk79Q6dBajk2ZJeGtvM2dHGo2rjeiHs5xqw==",
      "dev": true,
      "requires": {
        "@aws-cdk/aws-events": "1.22.0",
        "@aws-cdk/aws-iam": "1.22.0",
        "@aws-cdk/core": "1.22.0"
      }
    },
    "@aws-cdk/aws-ec2": {
      "version": "1.22.0",
      "resolved": "https://registry.npmjs.org/@aws-cdk/aws-ec2/-/aws-ec2-1.22.0.tgz",
      "integrity": "sha512-N05VOmT7/v0YcziPRyl9EHdQzmo12hcm/1RAe/i7j4ZGrxuupBPY4LLHIrv+91k+Rd2zq8W1HyHbJx45U2iTxg==",
      "dev": true,
      "requires": {
        "@aws-cdk/aws-cloudwatch": "1.22.0",
        "@aws-cdk/aws-iam": "1.22.0",
        "@aws-cdk/aws-ssm": "1.22.0",
        "@aws-cdk/core": "1.22.0",
        "@aws-cdk/cx-api": "1.22.0"
      }
    },
    "@aws-cdk/aws-ecr": {
      "version": "1.22.0",
      "resolved": "https://registry.npmjs.org/@aws-cdk/aws-ecr/-/aws-ecr-1.22.0.tgz",
      "integrity": "sha512-Lt7ZKSHxrXkC1AW8j0UTkBZrfrPMXMuqVyHV9+yqm9ya4GLWDphfY2ZrVdnp8NGH30O1peD5hQBfNFIUwE1HJA==",
      "dev": true,
      "requires": {
        "@aws-cdk/aws-events": "1.22.0",
        "@aws-cdk/aws-iam": "1.22.0",
        "@aws-cdk/core": "1.22.0"
      }
    },
    "@aws-cdk/aws-ecr-assets": {
      "version": "1.22.0",
      "resolved": "https://registry.npmjs.org/@aws-cdk/aws-ecr-assets/-/aws-ecr-assets-1.22.0.tgz",
      "integrity": "sha512-AX/N/rVES/KeeW8TLFfs6+7er0ooWEfrCQAs0Rbf1zWu+XVCrptMSzCITkKrzVJ+BGdFh3X/3cgB/X5Q++uqYg==",
      "dev": true,
      "requires": {
        "@aws-cdk/assets": "1.22.0",
        "@aws-cdk/aws-cloudformation": "1.22.0",
        "@aws-cdk/aws-ecr": "1.22.0",
        "@aws-cdk/aws-iam": "1.22.0",
        "@aws-cdk/aws-lambda": "1.22.0",
        "@aws-cdk/aws-s3": "1.22.0",
        "@aws-cdk/core": "1.22.0",
        "@aws-cdk/cx-api": "1.22.0"
      }
    },
    "@aws-cdk/aws-events": {
      "version": "1.22.0",
      "resolved": "https://registry.npmjs.org/@aws-cdk/aws-events/-/aws-events-1.22.0.tgz",
      "integrity": "sha512-Ow0rys5s24/03RDCeP1LIiGYf0dkhsEy6lLNCSnBiF1FldnkpOflbsMkOe/mBqUDCmFHHeU7SxmIRTsgd6wI1g==",
      "dev": true,
      "requires": {
        "@aws-cdk/aws-iam": "1.22.0",
        "@aws-cdk/core": "1.22.0"
      }
    },
    "@aws-cdk/aws-iam": {
      "version": "1.22.0",
      "resolved": "https://registry.npmjs.org/@aws-cdk/aws-iam/-/aws-iam-1.22.0.tgz",
      "integrity": "sha512-5XNxgGmK3RVGfHbsTGGz6lN8F+jzHzIODIl4PTQwnBOfDRQ/kB/HI3bs0JnG2Se6I1PtU0ARuCj4GTU2OTvjhw==",
      "dev": true,
      "requires": {
        "@aws-cdk/core": "1.22.0",
        "@aws-cdk/region-info": "1.22.0"
      }
    },
    "@aws-cdk/aws-kms": {
      "version": "1.22.0",
      "resolved": "https://registry.npmjs.org/@aws-cdk/aws-kms/-/aws-kms-1.22.0.tgz",
      "integrity": "sha512-bkFMkp6I609O4x6AKHz4B8DK6zvRvbNCrKRIiNvFfibuN66ncgLeVjQXGfe51Nc3fSW8Xxa1cXyBuo24EiSq7A==",
      "dev": true,
      "requires": {
        "@aws-cdk/aws-iam": "1.22.0",
        "@aws-cdk/core": "1.22.0"
      }
    },
    "@aws-cdk/aws-lambda": {
      "version": "1.22.0",
      "resolved": "https://registry.npmjs.org/@aws-cdk/aws-lambda/-/aws-lambda-1.22.0.tgz",
      "integrity": "sha512-YIWy/52htcsK2tbeT0bcovwRU90+aH3BpqIfus7WF02csmn8J5i5n1oshOl+l8uG2gD3MtSZQXmIuxcJ0HsYkw==",
      "dev": true,
      "requires": {
        "@aws-cdk/aws-cloudwatch": "1.22.0",
        "@aws-cdk/aws-ec2": "1.22.0",
        "@aws-cdk/aws-events": "1.22.0",
        "@aws-cdk/aws-iam": "1.22.0",
        "@aws-cdk/aws-logs": "1.22.0",
        "@aws-cdk/aws-s3": "1.22.0",
        "@aws-cdk/aws-s3-assets": "1.22.0",
        "@aws-cdk/aws-sqs": "1.22.0",
        "@aws-cdk/core": "1.22.0",
        "@aws-cdk/cx-api": "1.22.0"
      }
    },
    "@aws-cdk/aws-logs": {
      "version": "1.22.0",
      "resolved": "https://registry.npmjs.org/@aws-cdk/aws-logs/-/aws-logs-1.22.0.tgz",
      "integrity": "sha512-IYg2Ll0B7eL5m6KhyPwcNl8413nmFWFFcEcTpPVRJpNWm7NdRMyDVX+XFteJJToYaGUDHdj1UiegOthxWYbgdA==",
      "dev": true,
      "requires": {
        "@aws-cdk/aws-cloudwatch": "1.22.0",
        "@aws-cdk/aws-iam": "1.22.0",
        "@aws-cdk/core": "1.22.0"
      }
    },
    "@aws-cdk/aws-s3": {
      "version": "1.22.0",
      "resolved": "https://registry.npmjs.org/@aws-cdk/aws-s3/-/aws-s3-1.22.0.tgz",
      "integrity": "sha512-yGWVowtM+eq/dvgYQZXnrI9ap6vSpPsADT+PpBqFeyb8ch9Knfye22ZZZiKKbaQpkAvqN5SdzMI9veWOMQ4Fgg==",
      "dev": true,
      "requires": {
        "@aws-cdk/aws-events": "1.22.0",
        "@aws-cdk/aws-iam": "1.22.0",
        "@aws-cdk/aws-kms": "1.22.0",
        "@aws-cdk/core": "1.22.0"
      }
    },
    "@aws-cdk/aws-s3-assets": {
      "version": "1.22.0",
      "resolved": "https://registry.npmjs.org/@aws-cdk/aws-s3-assets/-/aws-s3-assets-1.22.0.tgz",
      "integrity": "sha512-uj3sOe0Mq4I20Cli38gUeaH3iF1Wq3/DXetyhsbH+rmr/SfqFUhR8MpdTDYpMb1jUCw5/bfLDj9s4rEfvE0+zg==",
      "dev": true,
      "requires": {
        "@aws-cdk/assets": "1.22.0",
        "@aws-cdk/aws-iam": "1.22.0",
        "@aws-cdk/aws-s3": "1.22.0",
        "@aws-cdk/core": "1.22.0",
        "@aws-cdk/cx-api": "1.22.0"
      }
    },
    "@aws-cdk/aws-sam": {
      "version": "1.22.0",
      "resolved": "https://registry.npmjs.org/@aws-cdk/aws-sam/-/aws-sam-1.22.0.tgz",
      "integrity": "sha512-PrB6Tx3PVaRqPlwvBcg+vIv6DzElO/jOyf4lztvVSaLvZ8XcwianSjygIJog25PAxfYYEG5h0c/iwIMXJqjiFg==",
      "dev": true,
      "requires": {
        "@aws-cdk/core": "1.22.0"
      }
    },
    "@aws-cdk/aws-secretsmanager": {
      "version": "1.22.0",
      "resolved": "https://registry.npmjs.org/@aws-cdk/aws-secretsmanager/-/aws-secretsmanager-1.22.0.tgz",
      "integrity": "sha512-2Oy8m9ZUApE0jvMfUGtBNDr9ygLBLeeM8rZiW2+YOX3D0UgZFpi/bHYAPJN/Jm6dYtCTT9EPfFuAnqkfHXU0Sw==",
      "dev": true,
      "requires": {
        "@aws-cdk/aws-ec2": "1.22.0",
        "@aws-cdk/aws-iam": "1.22.0",
        "@aws-cdk/aws-kms": "1.22.0",
        "@aws-cdk/aws-lambda": "1.22.0",
        "@aws-cdk/aws-sam": "1.22.0",
        "@aws-cdk/core": "1.22.0"
      }
    },
    "@aws-cdk/aws-sns": {
      "version": "1.22.0",
      "resolved": "https://registry.npmjs.org/@aws-cdk/aws-sns/-/aws-sns-1.22.0.tgz",
      "integrity": "sha512-ECb9lgF7iobxCndNdDD0p8GJHsXn0dqHH+pObHMF+uhVU4vhkb232pcs6LGK7RLq8Fo7L4/exTOQo/BQyKutpA==",
      "dev": true,
      "requires": {
        "@aws-cdk/aws-cloudwatch": "1.22.0",
        "@aws-cdk/aws-events": "1.22.0",
        "@aws-cdk/aws-iam": "1.22.0",
        "@aws-cdk/aws-kms": "1.22.0",
        "@aws-cdk/core": "1.22.0"
      }
    },
    "@aws-cdk/aws-sqs": {
      "version": "1.22.0",
      "resolved": "https://registry.npmjs.org/@aws-cdk/aws-sqs/-/aws-sqs-1.22.0.tgz",
      "integrity": "sha512-sv14TN1OaC0SkekxrLh2p8Z4uqCRauZiJklG+0Tb+VUHCPZQTCUiyMlkKk2fOhOBU9zQC+MAo4O0Ck25n8Zh9Q==",
      "dev": true,
      "requires": {
        "@aws-cdk/aws-cloudwatch": "1.22.0",
        "@aws-cdk/aws-iam": "1.22.0",
        "@aws-cdk/aws-kms": "1.22.0",
        "@aws-cdk/core": "1.22.0"
      }
    },
    "@aws-cdk/aws-ssm": {
      "version": "1.22.0",
      "resolved": "https://registry.npmjs.org/@aws-cdk/aws-ssm/-/aws-ssm-1.22.0.tgz",
      "integrity": "sha512-F9NZHqasENpCplqvXs2q64Ribt2RDHtstBlHZiq2OzGyuXFqIwyZcpG1GgIjJUUclwNRmAAFZk4EudlKuJ6dnA==",
      "dev": true,
      "requires": {
        "@aws-cdk/aws-iam": "1.22.0",
        "@aws-cdk/aws-kms": "1.22.0",
        "@aws-cdk/core": "1.22.0",
        "@aws-cdk/cx-api": "1.22.0"
      }
    },
    "@aws-cdk/core": {
      "version": "1.22.0",
      "resolved": "https://registry.npmjs.org/@aws-cdk/core/-/core-1.22.0.tgz",
      "integrity": "sha512-SD0PIOEnZ97ghF4bIf097U9l9jPtPQ5u8Uv9Uh4VwwwIPR6H07O5Qpkoj6rUwSmXc6HUlBL9OKcVjW47kMorNQ==",
      "dev": true,
      "requires": {
        "@aws-cdk/cx-api": "1.22.0"
      }
    },
    "@aws-cdk/cx-api": {
      "version": "1.22.0",
      "resolved": "https://registry.npmjs.org/@aws-cdk/cx-api/-/cx-api-1.22.0.tgz",
      "integrity": "sha512-Pf1s+7sjjTBZbTZIdwwB2V+HU2MteXIUETGQOr+MLLMHqXhLTIh+kTrkdiHT2A3MQ6naZf7uP+cOlLQsHe2IlQ==",
      "dev": true,
      "requires": {
        "semver": "^7.1.1"
      },
      "dependencies": {
        "semver": {
          "version": "7.1.1",
          "bundled": true,
          "dev": true
        }
      }
    },
    "@aws-cdk/region-info": {
      "version": "1.22.0",
      "resolved": "https://registry.npmjs.org/@aws-cdk/region-info/-/region-info-1.22.0.tgz",
      "integrity": "sha512-9PTBQ8f87fCQM7v8602Ir6IZThAxPOZvkNILqsyyVVpAJeCeI4aDBC4H4hFfm02Igkx1VJUhiB+RdLMDSo0+HQ==",
      "dev": true
    },
    "@types/node": {
      "version": "12.12.14",
      "resolved": "https://registry.npmjs.org/@types/node/-/node-12.12.14.tgz",
      "integrity": "sha512-u/SJDyXwuihpwjXy7hOOghagLEV1KdAST6syfnOk6QZAMzZuWZqXy5aYYZbh8Jdpd4escVFP0MvftHNDb9pruA==",
      "dev": true
    },
    "aws-cdk": {
      "version": "1.174.0",
      "resolved": "https://registry.npmjs.org/aws-cdk/-/aws-cdk-1.174.0.tgz",
      "integrity": "sha512-cAnJ1vx8p0sFoHR5IP4YKd4l3lN7s9Y7+umwb4eNgWr+XSgUbuYiJgS/FD57hIbHN1uoBih3QAE0RA62LVJSFw==",
      "dev": true,
      "requires": {
        "fsevents": "2.3.2"
      }
    },
    "buffer-from": {
      "version": "1.1.1",
      "resolved": "https://registry.npmjs.org/buffer-from/-/buffer-from-1.1.1.tgz",
      "integrity": "sha512-MQcXEUbCKtEo7bhqEs6560Hyd4XaovZlO/k9V3hjVUF/zwW7KBVdSK4gIt/bzwS9MbR5qob+F5jusZsb0YQK2A==",
      "dev": true
    },
    "fsevents": {
      "version": "2.3.2",
      "resolved": "https://registry.npmjs.org/fsevents/-/fsevents-2.3.2.tgz",
      "integrity": "sha512-xiqMQR4xAeHTuB9uWm+fFRcIOgKBMiOBP+eXiyT7jsgVCq1bkVygt00oASowB7EdtpOHaaPgKt812P9ab+DDKA==",
      "dev": true,
      "optional": true
    },
    "source-map": {
      "version": "0.6.1",
      "resolved": "https://registry.npmjs.org/source-map/-/source-map-0.6.1.tgz",
      "integrity": "sha512-UjgapumWlbMhkBgzT7Ykc5YXUT46F0iKu8SGXq0bcwP5dz/h0Plj6enJqjz1Zbq2l5WaqYnrVbwWOWMyF3F47g==",
      "dev": true
    },
    "source-map-support": {
      "version": "0.5.16",
      "resolved": "https://registry.npmjs.org/source-map-support/-/source-map-support-0.5.16.tgz",
      "integrity": "sha512-efyLRJDr68D9hBBNIPWFjhpFzURh+KJykQwvMyW5UiZzYwoF6l4YMMDIJJEyFWxWCqfyxLzz6tSfUFR+kXXsVQ==",
      "dev": true,
      "requires": {
        "buffer-from": "^1.0.0",
        "source-map": "^0.6.0"
      }
    },
    "typescript": {
      "version": "3.7.2",
      "resolved": "https://registry.npmjs.org/typescript/-/typescript-3.7.2.tgz",
      "integrity": "sha512-ml7V7JfiN2Xwvcer+XAf2csGO1bPBdRbFCkYBczNZggrBZ9c7G3riSUeJmqEU5uOtXNPMhE3n+R4FA/3YOAWOQ==",
      "dev": true
    }
  }
}
